// !$*UTF8*$!
{
	archiveVersion = 1;
	classes = {
	};
	objectVersion = 46;
	objects = {

/* Begin PBXBuildFile section */
		2A9C933F1EA13E9500D38E14 /* AppDelegate.swift in Sources */ = {isa = PBXBuildFile; fileRef = 2A9C933E1EA13E9500D38E14 /* AppDelegate.swift */; };
		2A9C93411EA13E9500D38E14 /* ViewController.swift in Sources */ = {isa = PBXBuildFile; fileRef = 2A9C93401EA13E9500D38E14 /* ViewController.swift */; };
		2A9C93441EA13E9500D38E14 /* Main.storyboard in Resources */ = {isa = PBXBuildFile; fileRef = 2A9C93421EA13E9500D38E14 /* Main.storyboard */; };
		2A9C93471EA13E9500D38E14 /* pokefinder.xcdatamodeld in Sources */ = {isa = PBXBuildFile; fileRef = 2A9C93451EA13E9500D38E14 /* pokefinder.xcdatamodeld */; };
		2A9C93491EA13E9500D38E14 /* Assets.xcassets in Resources */ = {isa = PBXBuildFile; fileRef = 2A9C93481EA13E9500D38E14 /* Assets.xcassets */; };
		2A9C934C1EA13E9500D38E14 /* LaunchScreen.storyboard in Resources */ = {isa = PBXBuildFile; fileRef = 2A9C934A1EA13E9500D38E14 /* LaunchScreen.storyboard */; };
		2A9C93571EA13E9500D38E14 /* pokefinderTests.swift in Sources */ = {isa = PBXBuildFile; fileRef = 2A9C93561EA13E9500D38E14 /* pokefinderTests.swift */; };
		2A9C93621EA13F9100D38E14 /* GoogleService-Info.plist in Resources */ = {isa = PBXBuildFile; fileRef = 2A9C93611EA13F9100D38E14 /* GoogleService-Info.plist */; };
		2A9C93AC1EA1414D00D38E14 /* .gitignore in Resources */ = {isa = PBXBuildFile; fileRef = 2A9C93641EA1414D00D38E14 /* .gitignore */; };
		2A9C93AD1EA1414D00D38E14 /* build.sh in Resources */ = {isa = PBXBuildFile; fileRef = 2A9C93651EA1414D00D38E14 /* build.sh */; };
		2A9C93AE1EA1414D00D38E14 /* changelog.txt in Resources */ = {isa = PBXBuildFile; fileRef = 2A9C93661EA1414D00D38E14 /* changelog.txt */; };
		2A9C93AF1EA1414D00D38E14 /* create-docs.sh in Resources */ = {isa = PBXBuildFile; fileRef = 2A9C93671EA1414D00D38E14 /* create-docs.sh */; };
		2A9C93BC1EA1414D00D38E14 /* firebase.json in Resources */ = {isa = PBXBuildFile; fileRef = 2A9C93841EA1414D00D38E14 /* firebase.json */; };
		2A9C93BD1EA1414D00D38E14 /* GeoFire.m in Sources */ = {isa = PBXBuildFile; fileRef = 2A9C938E1EA1414D00D38E14 /* GeoFire.m */; };
		2A9C93BE1EA1414D00D38E14 /* GFBase32Utils.m in Sources */ = {isa = PBXBuildFile; fileRef = 2A9C93901EA1414D00D38E14 /* GFBase32Utils.m */; };
		2A9C93BF1EA1414D00D38E14 /* GFGeoHash.m in Sources */ = {isa = PBXBuildFile; fileRef = 2A9C93921EA1414D00D38E14 /* GFGeoHash.m */; };
		2A9C93C01EA1414D00D38E14 /* GFGeoHashQuery.m in Sources */ = {isa = PBXBuildFile; fileRef = 2A9C93941EA1414D00D38E14 /* GFGeoHashQuery.m */; };
		2A9C93C11EA1414D00D38E14 /* GFQuery.m in Sources */ = {isa = PBXBuildFile; fileRef = 2A9C93961EA1414D00D38E14 /* GFQuery.m */; };
		2A9C93C21EA1414D00D38E14 /* GeoFire.podspec in Resources */ = {isa = PBXBuildFile; fileRef = 2A9C93971EA1414D00D38E14 /* GeoFire.podspec */; };
		2A9C93CB1EA1414D00D38E14 /* LICENSE in Resources */ = {isa = PBXBuildFile; fileRef = 2A9C93A71EA1414D00D38E14 /* LICENSE */; };
		2A9C93CC1EA1414D00D38E14 /* Podfile in Resources */ = {isa = PBXBuildFile; fileRef = 2A9C93A81EA1414D00D38E14 /* Podfile */; };
		2A9C93CD1EA1414D00D38E14 /* README.md in Sources */ = {isa = PBXBuildFile; fileRef = 2A9C93A91EA1414D00D38E14 /* README.md */; };
		2A9C93CE1EA1414D00D38E14 /* index.html in Resources */ = {isa = PBXBuildFile; fileRef = 2A9C93AB1EA1414D00D38E14 /* index.html */; };
		2A9C93E71EA6B3C700D38E14 /* PokeAnnotation.swift in Sources */ = {isa = PBXBuildFile; fileRef = 2A9C93E61EA6B3C700D38E14 /* PokeAnnotation.swift */; };
		8A04FBAEBF147B355078BBE5 /* Pods_pokefinderTests.framework in Frameworks */ = {isa = PBXBuildFile; fileRef = 567874154979AA3361EFE911 /* Pods_pokefinderTests.framework */; };
		9BA2766EAB0016B74BE596D3 /* Pods_pokefinder.framework in Frameworks */ = {isa = PBXBuildFile; fileRef = 11301786E6AC7972F86293D3 /* Pods_pokefinder.framework */; };
/* End PBXBuildFile section */

/* Begin PBXContainerItemProxy section */
		2A9C93531EA13E9500D38E14 /* PBXContainerItemProxy */ = {
			isa = PBXContainerItemProxy;
			containerPortal = 2A9C93331EA13E9500D38E14 /* Project object */;
			proxyType = 1;
			remoteGlobalIDString = 2A9C933A1EA13E9500D38E14;
			remoteInfo = pokefinder;
		};
		2A9C93D21EA1414D00D38E14 /* PBXContainerItemProxy */ = {
			isa = PBXContainerItemProxy;
			containerPortal = 2A9C93981EA1414D00D38E14 /* GeoFire.xcodeproj */;
			proxyType = 2;
			remoteGlobalIDString = FBA358BC19655FED00A86282;
			remoteInfo = GeoFire;
		};
		2A9C93D41EA1414D00D38E14 /* PBXContainerItemProxy */ = {
			isa = PBXContainerItemProxy;
			containerPortal = 2A9C93981EA1414D00D38E14 /* GeoFire.xcodeproj */;
			proxyType = 2;
			remoteGlobalIDString = FBA358CC19655FED00A86282;
			remoteInfo = GeoFireTests;
		};
/* End PBXContainerItemProxy section */

/* Begin PBXFileReference section */
		11301786E6AC7972F86293D3 /* Pods_pokefinder.framework */ = {isa = PBXFileReference; explicitFileType = wrapper.framework; includeInIndex = 0; path = Pods_pokefinder.framework; sourceTree = BUILT_PRODUCTS_DIR; };
		2A9C933B1EA13E9500D38E14 /* pokefinder.app */ = {isa = PBXFileReference; explicitFileType = wrapper.application; includeInIndex = 0; path = pokefinder.app; sourceTree = BUILT_PRODUCTS_DIR; };
		2A9C933E1EA13E9500D38E14 /* AppDelegate.swift */ = {isa = PBXFileReference; lastKnownFileType = sourcecode.swift; path = AppDelegate.swift; sourceTree = "<group>"; };
		2A9C93401EA13E9500D38E14 /* ViewController.swift */ = {isa = PBXFileReference; lastKnownFileType = sourcecode.swift; path = ViewController.swift; sourceTree = "<group>"; };
		2A9C93431EA13E9500D38E14 /* Base */ = {isa = PBXFileReference; lastKnownFileType = file.storyboard; name = Base; path = Base.lproj/Main.storyboard; sourceTree = "<group>"; };
		2A9C93461EA13E9500D38E14 /* pokefinder.xcdatamodel */ = {isa = PBXFileReference; lastKnownFileType = wrapper.xcdatamodel; path = pokefinder.xcdatamodel; sourceTree = "<group>"; };
		2A9C93481EA13E9500D38E14 /* Assets.xcassets */ = {isa = PBXFileReference; lastKnownFileType = folder.assetcatalog; path = Assets.xcassets; sourceTree = "<group>"; };
		2A9C934B1EA13E9500D38E14 /* Base */ = {isa = PBXFileReference; lastKnownFileType = file.storyboard; name = Base; path = Base.lproj/LaunchScreen.storyboard; sourceTree = "<group>"; };
		2A9C934D1EA13E9500D38E14 /* Info.plist */ = {isa = PBXFileReference; lastKnownFileType = text.plist.xml; path = Info.plist; sourceTree = "<group>"; };
		2A9C93521EA13E9500D38E14 /* pokefinderTests.xctest */ = {isa = PBXFileReference; explicitFileType = wrapper.cfbundle; includeInIndex = 0; path = pokefinderTests.xctest; sourceTree = BUILT_PRODUCTS_DIR; };
		2A9C93561EA13E9500D38E14 /* pokefinderTests.swift */ = {isa = PBXFileReference; lastKnownFileType = sourcecode.swift; path = pokefinderTests.swift; sourceTree = "<group>"; };
		2A9C93581EA13E9500D38E14 /* Info.plist */ = {isa = PBXFileReference; lastKnownFileType = text.plist.xml; path = Info.plist; sourceTree = "<group>"; };
		2A9C93611EA13F9100D38E14 /* GoogleService-Info.plist */ = {isa = PBXFileReference; fileEncoding = 4; lastKnownFileType = text.plist.xml; path = "GoogleService-Info.plist"; sourceTree = "<group>"; };
		2A9C93641EA1414D00D38E14 /* .gitignore */ = {isa = PBXFileReference; fileEncoding = 4; lastKnownFileType = text; path = .gitignore; sourceTree = "<group>"; };
		2A9C93651EA1414D00D38E14 /* build.sh */ = {isa = PBXFileReference; fileEncoding = 4; lastKnownFileType = text.script.sh; path = build.sh; sourceTree = "<group>"; };
		2A9C93661EA1414D00D38E14 /* changelog.txt */ = {isa = PBXFileReference; fileEncoding = 4; lastKnownFileType = text; path = changelog.txt; sourceTree = "<group>"; };
		2A9C93671EA1414D00D38E14 /* create-docs.sh */ = {isa = PBXFileReference; fileEncoding = 4; lastKnownFileType = text.script.sh; path = "create-docs.sh"; sourceTree = "<group>"; };
		2A9C93841EA1414D00D38E14 /* firebase.json */ = {isa = PBXFileReference; fileEncoding = 4; lastKnownFileType = text.json; path = firebase.json; sourceTree = "<group>"; };
		2A9C93871EA1414D00D38E14 /* GeoFire.h */ = {isa = PBXFileReference; fileEncoding = 4; lastKnownFileType = sourcecode.c.h; path = GeoFire.h; sourceTree = "<group>"; };
		2A9C93881EA1414D00D38E14 /* GFCircleQuery.h */ = {isa = PBXFileReference; fileEncoding = 4; lastKnownFileType = sourcecode.c.h; path = GFCircleQuery.h; sourceTree = "<group>"; };
		2A9C93891EA1414D00D38E14 /* GFQuery.h */ = {isa = PBXFileReference; fileEncoding = 4; lastKnownFileType = sourcecode.c.h; path = GFQuery.h; sourceTree = "<group>"; };
		2A9C938A1EA1414D00D38E14 /* GFRegionQuery.h */ = {isa = PBXFileReference; fileEncoding = 4; lastKnownFileType = sourcecode.c.h; path = GFRegionQuery.h; sourceTree = "<group>"; };
		2A9C938B1EA1414D00D38E14 /* GeoFire-Prefix.pch */ = {isa = PBXFileReference; fileEncoding = 4; lastKnownFileType = sourcecode.c.h; path = "GeoFire-Prefix.pch"; sourceTree = "<group>"; };
		2A9C938D1EA1414D00D38E14 /* GeoFire+Private.h */ = {isa = PBXFileReference; fileEncoding = 4; lastKnownFileType = sourcecode.c.h; path = "GeoFire+Private.h"; sourceTree = "<group>"; };
		2A9C938E1EA1414D00D38E14 /* GeoFire.m */ = {isa = PBXFileReference; fileEncoding = 4; lastKnownFileType = sourcecode.c.objc; path = GeoFire.m; sourceTree = "<group>"; };
		2A9C938F1EA1414D00D38E14 /* GFBase32Utils.h */ = {isa = PBXFileReference; fileEncoding = 4; lastKnownFileType = sourcecode.c.h; path = GFBase32Utils.h; sourceTree = "<group>"; };
		2A9C93901EA1414D00D38E14 /* GFBase32Utils.m */ = {isa = PBXFileReference; fileEncoding = 4; lastKnownFileType = sourcecode.c.objc; path = GFBase32Utils.m; sourceTree = "<group>"; };
		2A9C93911EA1414D00D38E14 /* GFGeoHash.h */ = {isa = PBXFileReference; fileEncoding = 4; lastKnownFileType = sourcecode.c.h; path = GFGeoHash.h; sourceTree = "<group>"; };
		2A9C93921EA1414D00D38E14 /* GFGeoHash.m */ = {isa = PBXFileReference; fileEncoding = 4; lastKnownFileType = sourcecode.c.objc; path = GFGeoHash.m; sourceTree = "<group>"; };
		2A9C93931EA1414D00D38E14 /* GFGeoHashQuery.h */ = {isa = PBXFileReference; fileEncoding = 4; lastKnownFileType = sourcecode.c.h; path = GFGeoHashQuery.h; sourceTree = "<group>"; };
		2A9C93941EA1414D00D38E14 /* GFGeoHashQuery.m */ = {isa = PBXFileReference; fileEncoding = 4; lastKnownFileType = sourcecode.c.objc; path = GFGeoHashQuery.m; sourceTree = "<group>"; };
		2A9C93951EA1414D00D38E14 /* GFQuery+Private.h */ = {isa = PBXFileReference; fileEncoding = 4; lastKnownFileType = sourcecode.c.h; path = "GFQuery+Private.h"; sourceTree = "<group>"; };
		2A9C93961EA1414D00D38E14 /* GFQuery.m */ = {isa = PBXFileReference; fileEncoding = 4; lastKnownFileType = sourcecode.c.objc; path = GFQuery.m; sourceTree = "<group>"; };
		2A9C93971EA1414D00D38E14 /* GeoFire.podspec */ = {isa = PBXFileReference; fileEncoding = 4; lastKnownFileType = text; path = GeoFire.podspec; sourceTree = "<group>"; };
		2A9C93981EA1414D00D38E14 /* GeoFire.xcodeproj */ = {isa = PBXFileReference; lastKnownFileType = "wrapper.pb-project"; path = GeoFire.xcodeproj; sourceTree = "<group>"; };
		2A9C93A71EA1414D00D38E14 /* LICENSE */ = {isa = PBXFileReference; fileEncoding = 4; lastKnownFileType = text; path = LICENSE; sourceTree = "<group>"; };
		2A9C93A81EA1414D00D38E14 /* Podfile */ = {isa = PBXFileReference; fileEncoding = 4; lastKnownFileType = text; path = Podfile; sourceTree = "<group>"; };
		2A9C93A91EA1414D00D38E14 /* README.md */ = {isa = PBXFileReference; fileEncoding = 4; lastKnownFileType = net.daringfireball.markdown; path = README.md; sourceTree = "<group>"; };
		2A9C93AB1EA1414D00D38E14 /* index.html */ = {isa = PBXFileReference; fileEncoding = 4; lastKnownFileType = text.html; path = index.html; sourceTree = "<group>"; };
		2A9C93DD1EA1426900D38E14 /* PokeFinder-Bridging-Header.h */ = {isa = PBXFileReference; fileEncoding = 4; lastKnownFileType = sourcecode.c.h; path = "PokeFinder-Bridging-Header.h"; sourceTree = "<group>"; };
		2A9C93E61EA6B3C700D38E14 /* PokeAnnotation.swift */ = {isa = PBXFileReference; fileEncoding = 4; lastKnownFileType = sourcecode.swift; path = PokeAnnotation.swift; sourceTree = "<group>"; };
		567874154979AA3361EFE911 /* Pods_pokefinderTests.framework */ = {isa = PBXFileReference; explicitFileType = wrapper.framework; includeInIndex = 0; path = Pods_pokefinderTests.framework; sourceTree = BUILT_PRODUCTS_DIR; };
		6BF26C9451ABDDEA4659962F /* Pods-pokefinder.release.xcconfig */ = {isa = PBXFileReference; includeInIndex = 1; lastKnownFileType = text.xcconfig; name = "Pods-pokefinder.release.xcconfig"; path = "Pods/Target Support Files/Pods-pokefinder/Pods-pokefinder.release.xcconfig"; sourceTree = "<group>"; };
		7566D27170A7E3E8DFD37A1C /* Pods-pokefinderTests.release.xcconfig */ = {isa = PBXFileReference; includeInIndex = 1; lastKnownFileType = text.xcconfig; name = "Pods-pokefinderTests.release.xcconfig"; path = "Pods/Target Support Files/Pods-pokefinderTests/Pods-pokefinderTests.release.xcconfig"; sourceTree = "<group>"; };
		BC1A409D687AD7107B63DF10 /* Pods-pokefinderTests.debug.xcconfig */ = {isa = PBXFileReference; includeInIndex = 1; lastKnownFileType = text.xcconfig; name = "Pods-pokefinderTests.debug.xcconfig"; path = "Pods/Target Support Files/Pods-pokefinderTests/Pods-pokefinderTests.debug.xcconfig"; sourceTree = "<group>"; };
		D81AA4A0B431CE7AC8E95111 /* Pods-pokefinder.debug.xcconfig */ = {isa = PBXFileReference; includeInIndex = 1; lastKnownFileType = text.xcconfig; name = "Pods-pokefinder.debug.xcconfig"; path = "Pods/Target Support Files/Pods-pokefinder/Pods-pokefinder.debug.xcconfig"; sourceTree = "<group>"; };
/* End PBXFileReference section */

/* Begin PBXFrameworksBuildPhase section */
		2A9C93381EA13E9500D38E14 /* Frameworks */ = {
			isa = PBXFrameworksBuildPhase;
			buildActionMask = 2147483647;
			files = (
				9BA2766EAB0016B74BE596D3 /* Pods_pokefinder.framework in Frameworks */,
			);
			runOnlyForDeploymentPostprocessing = 0;
		};
		2A9C934F1EA13E9500D38E14 /* Frameworks */ = {
			isa = PBXFrameworksBuildPhase;
			buildActionMask = 2147483647;
			files = (
				8A04FBAEBF147B355078BBE5 /* Pods_pokefinderTests.framework in Frameworks */,
			);
			runOnlyForDeploymentPostprocessing = 0;
		};
/* End PBXFrameworksBuildPhase section */

/* Begin PBXGroup section */
		2A9C93321EA13E9500D38E14 = {
			isa = PBXGroup;
			children = (
				2A9C933D1EA13E9500D38E14 /* pokefinder */,
				2A9C93551EA13E9500D38E14 /* pokefinderTests */,
				2A9C933C1EA13E9500D38E14 /* Products */,
				FEDBAEEB6387341FC76BFB54 /* Pods */,
				94E06B6E75F375CB2619ECB5 /* Frameworks */,
			);
			sourceTree = "<group>";
		};
		2A9C933C1EA13E9500D38E14 /* Products */ = {
			isa = PBXGroup;
			children = (
				2A9C933B1EA13E9500D38E14 /* pokefinder.app */,
				2A9C93521EA13E9500D38E14 /* pokefinderTests.xctest */,
			);
			name = Products;
			sourceTree = "<group>";
		};
		2A9C933D1EA13E9500D38E14 /* pokefinder */ = {
			isa = PBXGroup;
			children = (
				2A9C93E21EA6B39F00D38E14 /* Model */,
				2A9C93631EA1414D00D38E14 /* geofire-objc */,
				2A9C933E1EA13E9500D38E14 /* AppDelegate.swift */,
				2A9C93401EA13E9500D38E14 /* ViewController.swift */,
				2A9C93421EA13E9500D38E14 /* Main.storyboard */,
				2A9C93481EA13E9500D38E14 /* Assets.xcassets */,
				2A9C934A1EA13E9500D38E14 /* LaunchScreen.storyboard */,
				2A9C934D1EA13E9500D38E14 /* Info.plist */,
				2A9C93611EA13F9100D38E14 /* GoogleService-Info.plist */,
				2A9C93451EA13E9500D38E14 /* pokefinder.xcdatamodeld */,
				2A9C93DD1EA1426900D38E14 /* PokeFinder-Bridging-Header.h */,
			);
			path = pokefinder;
			sourceTree = "<group>";
		};
		2A9C93551EA13E9500D38E14 /* pokefinderTests */ = {
			isa = PBXGroup;
			children = (
				2A9C93561EA13E9500D38E14 /* pokefinderTests.swift */,
				2A9C93581EA13E9500D38E14 /* Info.plist */,
			);
			path = pokefinderTests;
			sourceTree = "<group>";
		};
		2A9C93631EA1414D00D38E14 /* geofire-objc */ = {
			isa = PBXGroup;
			children = (
				2A9C93641EA1414D00D38E14 /* .gitignore */,
				2A9C93651EA1414D00D38E14 /* build.sh */,
				2A9C93661EA1414D00D38E14 /* changelog.txt */,
				2A9C93671EA1414D00D38E14 /* create-docs.sh */,
				2A9C93841EA1414D00D38E14 /* firebase.json */,
				2A9C93851EA1414D00D38E14 /* GeoFire */,
				2A9C93971EA1414D00D38E14 /* GeoFire.podspec */,
				2A9C93981EA1414D00D38E14 /* GeoFire.xcodeproj */,
				2A9C93A71EA1414D00D38E14 /* LICENSE */,
				2A9C93A81EA1414D00D38E14 /* Podfile */,
				2A9C93A91EA1414D00D38E14 /* README.md */,
				2A9C93AA1EA1414D00D38E14 /* site */,
			);
			path = "geofire-objc";
			sourceTree = "<group>";
		};
		2A9C93851EA1414D00D38E14 /* GeoFire */ = {
			isa = PBXGroup;
			children = (
				2A9C93861EA1414D00D38E14 /* API */,
				2A9C938B1EA1414D00D38E14 /* GeoFire-Prefix.pch */,
				2A9C938C1EA1414D00D38E14 /* Implementation */,
			);
			path = GeoFire;
			sourceTree = "<group>";
		};
		2A9C93861EA1414D00D38E14 /* API */ = {
			isa = PBXGroup;
			children = (
				2A9C93871EA1414D00D38E14 /* GeoFire.h */,
				2A9C93881EA1414D00D38E14 /* GFCircleQuery.h */,
				2A9C93891EA1414D00D38E14 /* GFQuery.h */,
				2A9C938A1EA1414D00D38E14 /* GFRegionQuery.h */,
			);
			path = API;
			sourceTree = "<group>";
		};
		2A9C938C1EA1414D00D38E14 /* Implementation */ = {
			isa = PBXGroup;
			children = (
				2A9C938D1EA1414D00D38E14 /* GeoFire+Private.h */,
				2A9C938E1EA1414D00D38E14 /* GeoFire.m */,
				2A9C938F1EA1414D00D38E14 /* GFBase32Utils.h */,
				2A9C93901EA1414D00D38E14 /* GFBase32Utils.m */,
				2A9C93911EA1414D00D38E14 /* GFGeoHash.h */,
				2A9C93921EA1414D00D38E14 /* GFGeoHash.m */,
				2A9C93931EA1414D00D38E14 /* GFGeoHashQuery.h */,
				2A9C93941EA1414D00D38E14 /* GFGeoHashQuery.m */,
				2A9C93951EA1414D00D38E14 /* GFQuery+Private.h */,
				2A9C93961EA1414D00D38E14 /* GFQuery.m */,
			);
			path = Implementation;
			sourceTree = "<group>";
		};
		2A9C93991EA1414D00D38E14 /* Products */ = {
			isa = PBXGroup;
			children = (
				2A9C93D31EA1414D00D38E14 /* libGeoFire.a */,
				2A9C93D51EA1414D00D38E14 /* GeoFireTests.xctest */,
			);
			name = Products;
			sourceTree = "<group>";
		};
		2A9C93AA1EA1414D00D38E14 /* site */ = {
			isa = PBXGroup;
			children = (
				2A9C93AB1EA1414D00D38E14 /* index.html */,
			);
			path = site;
			sourceTree = "<group>";
		};
		2A9C93E21EA6B39F00D38E14 /* Model */ = {
			isa = PBXGroup;
			children = (
				2A9C93E61EA6B3C700D38E14 /* PokeAnnotation.swift */,
			);
			name = Model;
			sourceTree = "<group>";
		};
		94E06B6E75F375CB2619ECB5 /* Frameworks */ = {
			isa = PBXGroup;
			children = (
				11301786E6AC7972F86293D3 /* Pods_pokefinder.framework */,
				567874154979AA3361EFE911 /* Pods_pokefinderTests.framework */,
			);
			name = Frameworks;
			sourceTree = "<group>";
		};
		FEDBAEEB6387341FC76BFB54 /* Pods */ = {
			isa = PBXGroup;
			children = (
				D81AA4A0B431CE7AC8E95111 /* Pods-pokefinder.debug.xcconfig */,
				6BF26C9451ABDDEA4659962F /* Pods-pokefinder.release.xcconfig */,
				BC1A409D687AD7107B63DF10 /* Pods-pokefinderTests.debug.xcconfig */,
				7566D27170A7E3E8DFD37A1C /* Pods-pokefinderTests.release.xcconfig */,
			);
			name = Pods;
			sourceTree = "<group>";
		};
/* End PBXGroup section */

/* Begin PBXNativeTarget section */
		2A9C933A1EA13E9500D38E14 /* pokefinder */ = {
			isa = PBXNativeTarget;
			buildConfigurationList = 2A9C935B1EA13E9500D38E14 /* Build configuration list for PBXNativeTarget "pokefinder" */;
			buildPhases = (
				4430E09A9788E4A3064A9DC3 /* [CP] Check Pods Manifest.lock */,
				2A9C93371EA13E9500D38E14 /* Sources */,
				2A9C93381EA13E9500D38E14 /* Frameworks */,
				2A9C93391EA13E9500D38E14 /* Resources */,
				DC72104F611CFB0B0C17C147 /* [CP] Embed Pods Frameworks */,
				EAA3F1F804A2A98391500808 /* [CP] Copy Pods Resources */,
			);
			buildRules = (
			);
			dependencies = (
			);
			name = pokefinder;
			productName = pokefinder;
			productReference = 2A9C933B1EA13E9500D38E14 /* pokefinder.app */;
			productType = "com.apple.product-type.application";
		};
		2A9C93511EA13E9500D38E14 /* pokefinderTests */ = {
			isa = PBXNativeTarget;
			buildConfigurationList = 2A9C935E1EA13E9500D38E14 /* Build configuration list for PBXNativeTarget "pokefinderTests" */;
			buildPhases = (
				AD915171E6275059736D66AF /* [CP] Check Pods Manifest.lock */,
				2A9C934E1EA13E9500D38E14 /* Sources */,
				2A9C934F1EA13E9500D38E14 /* Frameworks */,
				2A9C93501EA13E9500D38E14 /* Resources */,
				0F11F17EC67CCAF7FC3020A4 /* [CP] Embed Pods Frameworks */,
				8F7757BEEAFB7961B9CA4C54 /* [CP] Copy Pods Resources */,
			);
			buildRules = (
			);
			dependencies = (
				2A9C93541EA13E9500D38E14 /* PBXTargetDependency */,
			);
			name = pokefinderTests;
			productName = pokefinderTests;
			productReference = 2A9C93521EA13E9500D38E14 /* pokefinderTests.xctest */;
			productType = "com.apple.product-type.bundle.unit-test";
		};
/* End PBXNativeTarget section */

/* Begin PBXProject section */
		2A9C93331EA13E9500D38E14 /* Project object */ = {
			isa = PBXProject;
			attributes = {
				LastSwiftUpdateCheck = 0830;
				LastUpgradeCheck = 0830;
				ORGANIZATIONNAME = Litroom;
				TargetAttributes = {
					2A9C933A1EA13E9500D38E14 = {
						CreatedOnToolsVersion = 8.3;
						ProvisioningStyle = Automatic;
					};
					2A9C93511EA13E9500D38E14 = {
						CreatedOnToolsVersion = 8.3;
						ProvisioningStyle = Automatic;
						TestTargetID = 2A9C933A1EA13E9500D38E14;
					};
				};
			};
			buildConfigurationList = 2A9C93361EA13E9500D38E14 /* Build configuration list for PBXProject "pokefinder" */;
			compatibilityVersion = "Xcode 3.2";
			developmentRegion = English;
			hasScannedForEncodings = 0;
			knownRegions = (
				en,
				Base,
			);
			mainGroup = 2A9C93321EA13E9500D38E14;
			productRefGroup = 2A9C933C1EA13E9500D38E14 /* Products */;
			projectDirPath = "";
			projectReferences = (
				{
					ProductGroup = 2A9C93991EA1414D00D38E14 /* Products */;
					ProjectRef = 2A9C93981EA1414D00D38E14 /* GeoFire.xcodeproj */;
				},
			);
			projectRoot = "";
			targets = (
				2A9C933A1EA13E9500D38E14 /* pokefinder */,
				2A9C93511EA13E9500D38E14 /* pokefinderTests */,
			);
		};
/* End PBXProject section */

/* Begin PBXReferenceProxy section */
		2A9C93D31EA1414D00D38E14 /* libGeoFire.a */ = {
			isa = PBXReferenceProxy;
			fileType = archive.ar;
			path = libGeoFire.a;
			remoteRef = 2A9C93D21EA1414D00D38E14 /* PBXContainerItemProxy */;
			sourceTree = BUILT_PRODUCTS_DIR;
		};
		2A9C93D51EA1414D00D38E14 /* GeoFireTests.xctest */ = {
			isa = PBXReferenceProxy;
			fileType = wrapper.cfbundle;
			path = GeoFireTests.xctest;
			remoteRef = 2A9C93D41EA1414D00D38E14 /* PBXContainerItemProxy */;
			sourceTree = BUILT_PRODUCTS_DIR;
		};
/* End PBXReferenceProxy section */

/* Begin PBXResourcesBuildPhase section */
		2A9C93391EA13E9500D38E14 /* Resources */ = {
			isa = PBXResourcesBuildPhase;
			buildActionMask = 2147483647;
			files = (
				2A9C93AC1EA1414D00D38E14 /* .gitignore in Resources */,
				2A9C93CE1EA1414D00D38E14 /* index.html in Resources */,
				2A9C93AF1EA1414D00D38E14 /* create-docs.sh in Resources */,
				2A9C934C1EA13E9500D38E14 /* LaunchScreen.storyboard in Resources */,
				2A9C93BC1EA1414D00D38E14 /* firebase.json in Resources */,
				2A9C93621EA13F9100D38E14 /* GoogleService-Info.plist in Resources */,
				2A9C93AE1EA1414D00D38E14 /* changelog.txt in Resources */,
				2A9C93CC1EA1414D00D38E14 /* Podfile in Resources */,
				2A9C93AD1EA1414D00D38E14 /* build.sh in Resources */,
				2A9C93491EA13E9500D38E14 /* Assets.xcassets in Resources */,
				2A9C93CB1EA1414D00D38E14 /* LICENSE in Resources */,
				2A9C93441EA13E9500D38E14 /* Main.storyboard in Resources */,
				2A9C93C21EA1414D00D38E14 /* GeoFire.podspec in Resources */,
			);
			runOnlyForDeploymentPostprocessing = 0;
		};
		2A9C93501EA13E9500D38E14 /* Resources */ = {
			isa = PBXResourcesBuildPhase;
			buildActionMask = 2147483647;
			files = (
			);
			runOnlyForDeploymentPostprocessing = 0;
		};
/* End PBXResourcesBuildPhase section */

/* Begin PBXShellScriptBuildPhase section */
		0F11F17EC67CCAF7FC3020A4 /* [CP] Embed Pods Frameworks */ = {
			isa = PBXShellScriptBuildPhase;
			buildActionMask = 2147483647;
			files = (
			);
			inputPaths = (
			);
			name = "[CP] Embed Pods Frameworks";
			outputPaths = (
			);
			runOnlyForDeploymentPostprocessing = 0;
			shellPath = /bin/sh;
			shellScript = "\"${SRCROOT}/Pods/Target Support Files/Pods-pokefinderTests/Pods-pokefinderTests-frameworks.sh\"\n";
			showEnvVarsInLog = 0;
		};
		4430E09A9788E4A3064A9DC3 /* [CP] Check Pods Manifest.lock */ = {
			isa = PBXShellScriptBuildPhase;
			buildActionMask = 2147483647;
			files = (
			);
			inputPaths = (
			);
			name = "[CP] Check Pods Manifest.lock";
			outputPaths = (
			);
			runOnlyForDeploymentPostprocessing = 0;
			shellPath = /bin/sh;
			shellScript = "diff \"${PODS_ROOT}/../Podfile.lock\" \"${PODS_ROOT}/Manifest.lock\" > /dev/null\nif [ $? != 0 ] ; then\n    # print error to STDERR\n    echo \"error: The sandbox is not in sync with the Podfile.lock. Run 'pod install' or update your CocoaPods installation.\" >&2\n    exit 1\nfi\n";
			showEnvVarsInLog = 0;
		};
		8F7757BEEAFB7961B9CA4C54 /* [CP] Copy Pods Resources */ = {
			isa = PBXShellScriptBuildPhase;
			buildActionMask = 2147483647;
			files = (
			);
			inputPaths = (
			);
			name = "[CP] Copy Pods Resources";
			outputPaths = (
			);
			runOnlyForDeploymentPostprocessing = 0;
			shellPath = /bin/sh;
			shellScript = "\"${SRCROOT}/Pods/Target Support Files/Pods-pokefinderTests/Pods-pokefinderTests-resources.sh\"\n";
			showEnvVarsInLog = 0;
		};
		AD915171E6275059736D66AF /* [CP] Check Pods Manifest.lock */ = {
			isa = PBXShellScriptBuildPhase;
			buildActionMask = 2147483647;
			files = (
			);
			inputPaths = (
			);
			name = "[CP] Check Pods Manifest.lock";
			outputPaths = (
			);
			runOnlyForDeploymentPostprocessing = 0;
			shellPath = /bin/sh;
			shellScript = "diff \"${PODS_ROOT}/../Podfile.lock\" \"${PODS_ROOT}/Manifest.lock\" > /dev/null\nif [ $? != 0 ] ; then\n    # print error to STDERR\n    echo \"error: The sandbox is not in sync with the Podfile.lock. Run 'pod install' or update your CocoaPods installation.\" >&2\n    exit 1\nfi\n";
			showEnvVarsInLog = 0;
		};
		DC72104F611CFB0B0C17C147 /* [CP] Embed Pods Frameworks */ = {
			isa = PBXShellScriptBuildPhase;
			buildActionMask = 2147483647;
			files = (
			);
			inputPaths = (
			);
			name = "[CP] Embed Pods Frameworks";
			outputPaths = (
			);
			runOnlyForDeploymentPostprocessing = 0;
			shellPath = /bin/sh;
			shellScript = "\"${SRCROOT}/Pods/Target Support Files/Pods-pokefinder/Pods-pokefinder-frameworks.sh\"\n";
			showEnvVarsInLog = 0;
		};
		EAA3F1F804A2A98391500808 /* [CP] Copy Pods Resources */ = {
			isa = PBXShellScriptBuildPhase;
			buildActionMask = 2147483647;
			files = (
			);
			inputPaths = (
			);
			name = "[CP] Copy Pods Resources";
			outputPaths = (
			);
			runOnlyForDeploymentPostprocessing = 0;
			shellPath = /bin/sh;
			shellScript = "\"${SRCROOT}/Pods/Target Support Files/Pods-pokefinder/Pods-pokefinder-resources.sh\"\n";
			showEnvVarsInLog = 0;
		};
/* End PBXShellScriptBuildPhase section */

/* Begin PBXSourcesBuildPhase section */
		2A9C93371EA13E9500D38E14 /* Sources */ = {
			isa = PBXSourcesBuildPhase;
			buildActionMask = 2147483647;
			files = (
				2A9C93CD1EA1414D00D38E14 /* README.md in Sources */,
				2A9C93411EA13E9500D38E14 /* ViewController.swift in Sources */,
				2A9C93C01EA1414D00D38E14 /* GFGeoHashQuery.m in Sources */,
				2A9C93E71EA6B3C700D38E14 /* PokeAnnotation.swift in Sources */,
				2A9C933F1EA13E9500D38E14 /* AppDelegate.swift in Sources */,
				2A9C93BE1EA1414D00D38E14 /* GFBase32Utils.m in Sources */,
				2A9C93BF1EA1414D00D38E14 /* GFGeoHash.m in Sources */,
				2A9C93471EA13E9500D38E14 /* pokefinder.xcdatamodeld in Sources */,
				2A9C93BD1EA1414D00D38E14 /* GeoFire.m in Sources */,
				2A9C93C11EA1414D00D38E14 /* GFQuery.m in Sources */,
			);
			runOnlyForDeploymentPostprocessing = 0;
		};
		2A9C934E1EA13E9500D38E14 /* Sources */ = {
			isa = PBXSourcesBuildPhase;
			buildActionMask = 2147483647;
			files = (
				2A9C93571EA13E9500D38E14 /* pokefinderTests.swift in Sources */,
			);
			runOnlyForDeploymentPostprocessing = 0;
		};
/* End PBXSourcesBuildPhase section */

/* Begin PBXTargetDependency section */
		2A9C93541EA13E9500D38E14 /* PBXTargetDependency */ = {
			isa = PBXTargetDependency;
			target = 2A9C933A1EA13E9500D38E14 /* pokefinder */;
			targetProxy = 2A9C93531EA13E9500D38E14 /* PBXContainerItemProxy */;
		};
/* End PBXTargetDependency section */

/* Begin PBXVariantGroup section */
		2A9C93421EA13E9500D38E14 /* Main.storyboard */ = {
			isa = PBXVariantGroup;
			children = (
				2A9C93431EA13E9500D38E14 /* Base */,
			);
			name = Main.storyboard;
			sourceTree = "<group>";
		};
		2A9C934A1EA13E9500D38E14 /* LaunchScreen.storyboard */ = {
			isa = PBXVariantGroup;
			children = (
				2A9C934B1EA13E9500D38E14 /* Base */,
			);
			name = LaunchScreen.storyboard;
			sourceTree = "<group>";
		};
/* End PBXVariantGroup section */

/* Begin XCBuildConfiguration section */
		2A9C93591EA13E9500D38E14 /* Debug */ = {
			isa = XCBuildConfiguration;
			buildSettings = {
				ALWAYS_SEARCH_USER_PATHS = NO;
				CLANG_ANALYZER_NONNULL = YES;
				CLANG_ANALYZER_NUMBER_OBJECT_CONVERSION = YES_AGGRESSIVE;
				CLANG_CXX_LANGUAGE_STANDARD = "gnu++0x";
				CLANG_CXX_LIBRARY = "libc++";
				CLANG_ENABLE_MODULES = YES;
				CLANG_ENABLE_OBJC_ARC = YES;
				CLANG_WARN_BOOL_CONVERSION = YES;
				CLANG_WARN_CONSTANT_CONVERSION = YES;
				CLANG_WARN_DIRECT_OBJC_ISA_USAGE = YES_ERROR;
				CLANG_WARN_DOCUMENTATION_COMMENTS = YES;
				CLANG_WARN_EMPTY_BODY = YES;
				CLANG_WARN_ENUM_CONVERSION = YES;
				CLANG_WARN_INFINITE_RECURSION = YES;
				CLANG_WARN_INT_CONVERSION = YES;
				CLANG_WARN_OBJC_ROOT_CLASS = YES_ERROR;
				CLANG_WARN_SUSPICIOUS_MOVE = YES;
				CLANG_WARN_UNREACHABLE_CODE = YES;
				CLANG_WARN__DUPLICATE_METHOD_MATCH = YES;
				"CODE_SIGN_IDENTITY[sdk=iphoneos*]" = "iPhone Developer";
				COPY_PHASE_STRIP = NO;
				DEBUG_INFORMATION_FORMAT = dwarf;
				ENABLE_STRICT_OBJC_MSGSEND = YES;
				ENABLE_TESTABILITY = YES;
				GCC_C_LANGUAGE_STANDARD = gnu99;
				GCC_DYNAMIC_NO_PIC = NO;
				GCC_NO_COMMON_BLOCKS = YES;
				GCC_OPTIMIZATION_LEVEL = 0;
				GCC_PREPROCESSOR_DEFINITIONS = (
					"DEBUG=1",
					"$(inherited)",
				);
				GCC_WARN_64_TO_32_BIT_CONVERSION = YES;
				GCC_WARN_ABOUT_RETURN_TYPE = YES_ERROR;
				GCC_WARN_UNDECLARED_SELECTOR = YES;
				GCC_WARN_UNINITIALIZED_AUTOS = YES_AGGRESSIVE;
				GCC_WARN_UNUSED_FUNCTION = YES;
				GCC_WARN_UNUSED_VARIABLE = YES;
				IPHONEOS_DEPLOYMENT_TARGET = 10.3;
				MTL_ENABLE_DEBUG_INFO = YES;
				ONLY_ACTIVE_ARCH = YES;
				SDKROOT = iphoneos;
				SWIFT_ACTIVE_COMPILATION_CONDITIONS = DEBUG;
				SWIFT_OPTIMIZATION_LEVEL = "-Onone";
				TARGETED_DEVICE_FAMILY = "1,2";
			};
			name = Debug;
		};
		2A9C935A1EA13E9500D38E14 /* Release */ = {
			isa = XCBuildConfiguration;
			buildSettings = {
				ALWAYS_SEARCH_USER_PATHS = NO;
				CLANG_ANALYZER_NONNULL = YES;
				CLANG_ANALYZER_NUMBER_OBJECT_CONVERSION = YES_AGGRESSIVE;
				CLANG_CXX_LANGUAGE_STANDARD = "gnu++0x";
				CLANG_CXX_LIBRARY = "libc++";
				CLANG_ENABLE_MODULES = YES;
				CLANG_ENABLE_OBJC_ARC = YES;
				CLANG_WARN_BOOL_CONVERSION = YES;
				CLANG_WARN_CONSTANT_CONVERSION = YES;
				CLANG_WARN_DIRECT_OBJC_ISA_USAGE = YES_ERROR;
				CLANG_WARN_DOCUMENTATION_COMMENTS = YES;
				CLANG_WARN_EMPTY_BODY = YES;
				CLANG_WARN_ENUM_CONVERSION = YES;
				CLANG_WARN_INFINITE_RECURSION = YES;
				CLANG_WARN_INT_CONVERSION = YES;
				CLANG_WARN_OBJC_ROOT_CLASS = YES_ERROR;
				CLANG_WARN_SUSPICIOUS_MOVE = YES;
				CLANG_WARN_UNREACHABLE_CODE = YES;
				CLANG_WARN__DUPLICATE_METHOD_MATCH = YES;
				"CODE_SIGN_IDENTITY[sdk=iphoneos*]" = "iPhone Developer";
				COPY_PHASE_STRIP = NO;
				DEBUG_INFORMATION_FORMAT = "dwarf-with-dsym";
				ENABLE_NS_ASSERTIONS = NO;
				ENABLE_STRICT_OBJC_MSGSEND = YES;
				GCC_C_LANGUAGE_STANDARD = gnu99;
				GCC_NO_COMMON_BLOCKS = YES;
				GCC_WARN_64_TO_32_BIT_CONVERSION = YES;
				GCC_WARN_ABOUT_RETURN_TYPE = YES_ERROR;
				GCC_WARN_UNDECLARED_SELECTOR = YES;
				GCC_WARN_UNINITIALIZED_AUTOS = YES_AGGRESSIVE;
				GCC_WARN_UNUSED_FUNCTION = YES;
				GCC_WARN_UNUSED_VARIABLE = YES;
				IPHONEOS_DEPLOYMENT_TARGET = 10.3;
				MTL_ENABLE_DEBUG_INFO = NO;
				SDKROOT = iphoneos;
				SWIFT_OPTIMIZATION_LEVEL = "-Owholemodule";
				TARGETED_DEVICE_FAMILY = "1,2";
				VALIDATE_PRODUCT = YES;
			};
			name = Release;
		};
		2A9C935C1EA13E9500D38E14 /* Debug */ = {
			isa = XCBuildConfiguration;
			baseConfigurationReference = D81AA4A0B431CE7AC8E95111 /* Pods-pokefinder.debug.xcconfig */;
			buildSettings = {
				ASSETCATALOG_COMPILER_APPICON_NAME = AppIcon;
				INFOPLIST_FILE = pokefinder/Info.plist;
				LD_RUNPATH_SEARCH_PATHS = "$(inherited) @executable_path/Frameworks";
				PRODUCT_BUNDLE_IDENTIFIER = com.litroom.pokefinder;
				PRODUCT_NAME = "$(TARGET_NAME)";
				SWIFT_OBJC_BRIDGING_HEADER = "pokefinder/PokeFinder-Bridging-Header.h";
				SWIFT_VERSION = 3.0;
			};
			name = Debug;
		};
		2A9C935D1EA13E9500D38E14 /* Release */ = {
			isa = XCBuildConfiguration;
			baseConfigurationReference = 6BF26C9451ABDDEA4659962F /* Pods-pokefinder.release.xcconfig */;
			buildSettings = {
				ASSETCATALOG_COMPILER_APPICON_NAME = AppIcon;
				INFOPLIST_FILE = pokefinder/Info.plist;
				LD_RUNPATH_SEARCH_PATHS = "$(inherited) @executable_path/Frameworks";
				PRODUCT_BUNDLE_IDENTIFIER = com.litroom.pokefinder;
				PRODUCT_NAME = "$(TARGET_NAME)";
				SWIFT_OBJC_BRIDGING_HEADER = "pokefinder/PokeFinder-Bridging-Header.h";
				SWIFT_VERSION = 3.0;
			};
			name = Release;
		};
		2A9C935F1EA13E9500D38E14 /* Debug */ = {
			isa = XCBuildConfiguration;
			baseConfigurationReference = BC1A409D687AD7107B63DF10 /* Pods-pokefinderTests.debug.xcconfig */;
			buildSettings = {
				ALWAYS_EMBED_SWIFT_STANDARD_LIBRARIES = YES;
				BUNDLE_LOADER = "$(TEST_HOST)";
				INFOPLIST_FILE = pokefinderTests/Info.plist;
				LD_RUNPATH_SEARCH_PATHS = "$(inherited) @executable_path/Frameworks @loader_path/Frameworks";
				PRODUCT_BUNDLE_IDENTIFIER = com.litroom.pokefinderTests;
				PRODUCT_NAME = "$(TARGET_NAME)";
				SWIFT_VERSION = 3.0;
				TEST_HOST = "$(BUILT_PRODUCTS_DIR)/pokefinder.app/pokefinder";
			};
			name = Debug;
		};
		2A9C93601EA13E9500D38E14 /* Release */ = {
			isa = XCBuildConfiguration;
			baseConfigurationReference = 7566D27170A7E3E8DFD37A1C /* Pods-pokefinderTests.release.xcconfig */;
			buildSettings = {
				ALWAYS_EMBED_SWIFT_STANDARD_LIBRARIES = YES;
				BUNDLE_LOADER = "$(TEST_HOST)";
				INFOPLIST_FILE = pokefinderTests/Info.plist;
				LD_RUNPATH_SEARCH_PATHS = "$(inherited) @executable_path/Frameworks @loader_path/Frameworks";
				PRODUCT_BUNDLE_IDENTIFIER = com.litroom.pokefinderTests;
				PRODUCT_NAME = "$(TARGET_NAME)";
				SWIFT_VERSION = 3.0;
				TEST_HOST = "$(BUILT_PRODUCTS_DIR)/pokefinder.app/pokefinder";
			};
			name = Release;
		};
/* End XCBuildConfiguration section */

/* Begin XCConfigurationList section */
		2A9C93361EA13E9500D38E14 /* Build configuration list for PBXProject "pokefinder" */ = {
			isa = XCConfigurationList;
			buildConfigurations = (
				2A9C93591EA13E9500D38E14 /* Debug */,
				2A9C935A1EA13E9500D38E14 /* Release */,
			);
			defaultConfigurationIsVisible = 0;
			defaultConfigurationName = Release;
		};
		2A9C935B1EA13E9500D38E14 /* Build configuration list for PBXNativeTarget "pokefinder" */ = {
			isa = XCConfigurationList;
			buildConfigurations = (
				2A9C935C1EA13E9500D38E14 /* Debug */,
				2A9C935D1EA13E9500D38E14 /* Release */,
			);
			defaultConfigurationIsVisible = 0;
			defaultConfigurationName = Release;
		};
		2A9C935E1EA13E9500D38E14 /* Build configuration list for PBXNativeTarget "pokefinderTests" */ = {
			isa = XCConfigurationList;
			buildConfigurations = (
				2A9C935F1EA13E9500D38E14 /* Debug */,
				2A9C93601EA13E9500D38E14 /* Release */,
			);
			defaultConfigurationIsVisible = 0;
			defaultConfigurationName = Release;
		};
/* End XCConfigurationList section */

/* Begin XCVersionGroup section */
		2A9C93451EA13E9500D38E14 /* pokefinder.xcdatamodeld */ = {
			isa = XCVersionGroup;
			children = (
				2A9C93461EA13E9500D38E14 /* pokefinder.xcdatamodel */,
			);
			currentVersion = 2A9C93461EA13E9500D38E14 /* pokefinder.xcdatamodel */;
			path = pokefinder.xcdatamodeld;
			sourceTree = "<group>";
			versionGroupType = wrapper.xcdatamodel;
		};
/* End XCVersionGroup section */
	};
	rootObject = 2A9C93331EA13E9500D38E14 /* Project object */;
}
